<?xml version="1.0" encoding="utf-8"?>
<Project ToolsVersion="4.0" xmlns="http://schemas.microsoft.com/developer/msbuild/2003">
  <ItemGroup>
    <Filter Include="GameLab">
      <UniqueIdentifier>{4EFD5747-BADC-D6E2-C3F4-61B92F533D44}</UniqueIdentifier>
    </Filter>
    <Filter Include="GameLab\Events">
      <UniqueIdentifier>{72E55D96-5EB3-519C-4747-C2C233B42D01}</UniqueIdentifier>
    </Filter>
  </ItemGroup>
  <ItemGroup>
    <ClInclude Include="src\GameLab.h" />
    <ClInclude Include="src\GameLab\Application.h">
      <Filter>GameLab</Filter>
    </ClInclude>
    <ClInclude Include="src\GameLab\Core.h">
      <Filter>GameLab</Filter>
    </ClInclude>
    <ClInclude Include="src\GameLab\EntryPoint.h">
      <Filter>GameLab</Filter>
    </ClInclude>
    <ClInclude Include="src\GameLab\Events\ApplicationEvent.h">
      <Filter>GameLab\Events</Filter>
    </ClInclude>
    <ClInclude Include="src\GameLab\Events\Event.h">
      <Filter>GameLab\Events</Filter>
    </ClInclude>
    <ClInclude Include="src\GameLab\Events\KeyEvent.h">
      <Filter>GameLab\Events</Filter>
    </ClInclude>
    <ClInclude Include="src\GameLab\Events\MouseEvent.h">
      <Filter>GameLab\Events</Filter>
    </ClInclude>
    <ClInclude Include="src\GameLab\Log.h">
      <Filter>GameLab</Filter>
    </ClInclude>
    <ClInclude Include="src\glpch.h" />
  </ItemGroup>
  <ItemGroup>
    <ClCompile Include="src\GameLab\Application.cpp">
      <Filter>GameLab</Filter>
    </ClCompile>
    <ClCompile Include="src\GameLab\Log.cpp">
      <Filter>GameLab</Filter>
    </ClCompile>
    <ClCompile Include="src\glpch.cpp" />
  </ItemGroup>
</Project>